// !$*UTF8*$!
{
	archiveVersion = 1;
	classes = {
	};
	objectVersion = 55;
	objects = {

/* Begin PBXBuildFile section */
		890F520828ABAF09004056D5 /* StacksBootCamp.swift in Sources */ = {isa = PBXBuildFile; fileRef = 890F520728ABAF09004056D5 /* StacksBootCamp.swift */; };
		890F520A28ABCC66004056D5 /* PaddingAndSpacerBootCamp.swift in Sources */ = {isa = PBXBuildFile; fileRef = 890F520928ABCC66004056D5 /* PaddingAndSpacerBootCamp.swift */; };
		890F520C28ABD397004056D5 /* SpacerBootCamp.swift in Sources */ = {isa = PBXBuildFile; fileRef = 890F520B28ABD397004056D5 /* SpacerBootCamp.swift */; };
		892235C528AFF99E00D637A0 /* ColorPickerBootCamp.swift in Sources */ = {isa = PBXBuildFile; fileRef = 892235C428AFF99E00D637A0 /* ColorPickerBootCamp.swift */; };
		892235C728AFFE0F00D637A0 /* DatePickerBootCamp.swift in Sources */ = {isa = PBXBuildFile; fileRef = 892235C628AFFE0F00D637A0 /* DatePickerBootCamp.swift */; };
		892235C928B0066100D637A0 /* StepperBootCamp.swift in Sources */ = {isa = PBXBuildFile; fileRef = 892235C828B0066100D637A0 /* StepperBootCamp.swift */; };
		892235CB28B01B8F00D637A0 /* sliderBootCamp.swift in Sources */ = {isa = PBXBuildFile; fileRef = 892235CA28B01B8F00D637A0 /* sliderBootCamp.swift */; };
		892235CD28B0239A00D637A0 /* TabViewBootCamp.swift in Sources */ = {isa = PBXBuildFile; fileRef = 892235CC28B0239A00D637A0 /* TabViewBootCamp.swift */; };
		892235CF28B0281E00D637A0 /* TabViewStyleBootCamp.swift in Sources */ = {isa = PBXBuildFile; fileRef = 892235CE28B0281E00D637A0 /* TabViewStyleBootCamp.swift */; };
		8951830B28AB803C00E57744 /* SwiftUIBootCampApp.swift in Sources */ = {isa = PBXBuildFile; fileRef = 8951830A28AB803C00E57744 /* SwiftUIBootCampApp.swift */; };
		8951830D28AB803C00E57744 /* ContentView.swift in Sources */ = {isa = PBXBuildFile; fileRef = 8951830C28AB803C00E57744 /* ContentView.swift */; };
		8951830F28AB803F00E57744 /* Assets.xcassets in Resources */ = {isa = PBXBuildFile; fileRef = 8951830E28AB803F00E57744 /* Assets.xcassets */; };
		8951831228AB803F00E57744 /* Preview Assets.xcassets in Resources */ = {isa = PBXBuildFile; fileRef = 8951831128AB803F00E57744 /* Preview Assets.xcassets */; };
		895AC6B328AD176B00F0F654 /* ButtonsBootCamp.swift in Sources */ = {isa = PBXBuildFile; fileRef = 895AC6B228AD176B00F0F654 /* ButtonsBootCamp.swift */; };
		896F8C4E28AD7C660045C3C3 /* StateBootCamp.swift in Sources */ = {isa = PBXBuildFile; fileRef = 896F8C4D28AD7C660045C3C3 /* StateBootCamp.swift */; };
		896F8C5028AD80680045C3C3 /* ExtractedFunctionsBootCamp.swift in Sources */ = {isa = PBXBuildFile; fileRef = 896F8C4F28AD80680045C3C3 /* ExtractedFunctionsBootCamp.swift */; };
		896F8C5228AD83E30045C3C3 /* ExtractSubViewsBootCamp.swift in Sources */ = {isa = PBXBuildFile; fileRef = 896F8C5128AD83E30045C3C3 /* ExtractSubViewsBootCamp.swift */; };
		896F8C5428AD89980045C3C3 /* BindingBootCamp.swift in Sources */ = {isa = PBXBuildFile; fileRef = 896F8C5328AD89980045C3C3 /* BindingBootCamp.swift */; };
		896FB1CE28AE3D0F004C691F /* ConditionalBootCamp.swift in Sources */ = {isa = PBXBuildFile; fileRef = 896FB1CD28AE3D0F004C691F /* ConditionalBootCamp.swift */; };
		896FB1D028AE457F004C691F /* TernaryBootCamp.swift in Sources */ = {isa = PBXBuildFile; fileRef = 896FB1CF28AE457F004C691F /* TernaryBootCamp.swift */; };
		896FB1D228AE4F6F004C691F /* AnimationBootCamp.swift in Sources */ = {isa = PBXBuildFile; fileRef = 896FB1D128AE4F6F004C691F /* AnimationBootCamp.swift */; };
		896FB20828AECBD3004C691F /* AnimationTimingBootCamp.swift in Sources */ = {isa = PBXBuildFile; fileRef = 896FB20728AECBD3004C691F /* AnimationTimingBootCamp.swift */; };
		896FB20A28AECF76004C691F /* TransitionBootCamp.swift in Sources */ = {isa = PBXBuildFile; fileRef = 896FB20928AECF76004C691F /* TransitionBootCamp.swift */; };
		896FB20C28AED46B004C691F /* SheetsBootCamp.swift in Sources */ = {isa = PBXBuildFile; fileRef = 896FB20B28AED46B004C691F /* SheetsBootCamp.swift */; };
		896FB20E28AEDB40004C691F /* PopoverBootCamp.swift in Sources */ = {isa = PBXBuildFile; fileRef = 896FB20D28AEDB40004C691F /* PopoverBootCamp.swift */; };
		896FB21028AEE16F004C691F /* NavigationViewBootCamp.swift in Sources */ = {isa = PBXBuildFile; fileRef = 896FB20F28AEE16E004C691F /* NavigationViewBootCamp.swift */; };
		89A9D77228AF795900586681 /* ListBootCamp.swift in Sources */ = {isa = PBXBuildFile; fileRef = 89A9D77128AF795900586681 /* ListBootCamp.swift */; };
		89A9D77428AF9B3000586681 /* AlertBootCam.swift in Sources */ = {isa = PBXBuildFile; fileRef = 89A9D77328AF9B3000586681 /* AlertBootCam.swift */; };
		89A9D77628AFA8CA00586681 /* ActionSheetBootCamp.swift in Sources */ = {isa = PBXBuildFile; fileRef = 89A9D77528AFA8CA00586681 /* ActionSheetBootCamp.swift */; };
		89A9D77828AFCCD200586681 /* ContextMenuBootCamp.swift in Sources */ = {isa = PBXBuildFile; fileRef = 89A9D77728AFCCD200586681 /* ContextMenuBootCamp.swift */; };
		89A9D77A28AFD0D100586681 /* TextFieldBootCamp.swift in Sources */ = {isa = PBXBuildFile; fileRef = 89A9D77928AFD0D100586681 /* TextFieldBootCamp.swift */; };
		89A9D77C28AFD8A500586681 /* TextEditorBootCamp.swift in Sources */ = {isa = PBXBuildFile; fileRef = 89A9D77B28AFD8A500586681 /* TextEditorBootCamp.swift */; };
		89A9D77E28AFDC1500586681 /* ToggleBootCamp.swift in Sources */ = {isa = PBXBuildFile; fileRef = 89A9D77D28AFDC1500586681 /* ToggleBootCamp.swift */; };
		89A9D78028AFDF4D00586681 /* PickerBootCamp.swift in Sources */ = {isa = PBXBuildFile; fileRef = 89A9D77F28AFDF4D00586681 /* PickerBootCamp.swift */; };
		89AE791928B1D6E300FF4FAB /* DarkModeBootCamp.swift in Sources */ = {isa = PBXBuildFile; fileRef = 89AE791828B1D6E300FF4FAB /* DarkModeBootCamp.swift */; };
		89AE791B28B1DD1200FF4FAB /* DocumentationBootCamp.swift in Sources */ = {isa = PBXBuildFile; fileRef = 89AE791A28B1DD1200FF4FAB /* DocumentationBootCamp.swift */; };
		89AE791D28B1E46E00FF4FAB /* OnAppearBootCamp.swift in Sources */ = {isa = PBXBuildFile; fileRef = 89AE791C28B1E46E00FF4FAB /* OnAppearBootCamp.swift */; };
		89B2964928ACEB3300021BEF /* InitializerBootCamp.swift in Sources */ = {isa = PBXBuildFile; fileRef = 89B2964828ACEB3300021BEF /* InitializerBootCamp.swift */; };
		89B2964B28ACF46600021BEF /* ForEachBootCamp.swift in Sources */ = {isa = PBXBuildFile; fileRef = 89B2964A28ACF46600021BEF /* ForEachBootCamp.swift */; };
		89B2964D28ACFBF500021BEF /* ScrollViewBootCamp.swift in Sources */ = {isa = PBXBuildFile; fileRef = 89B2964C28ACFBF500021BEF /* ScrollViewBootCamp.swift */; };
		89B2964F28AD035A00021BEF /* GridBootCamp.swift in Sources */ = {isa = PBXBuildFile; fileRef = 89B2964E28AD035A00021BEF /* GridBootCamp.swift */; };
		89B2965128AD0E0500021BEF /* SafeAreaBootCamp.swift in Sources */ = {isa = PBXBuildFile; fileRef = 89B2965028AD0E0500021BEF /* SafeAreaBootCamp.swift */; };
		89C9DBF728AB834A00CED28D /* TextBootCamp.swift in Sources */ = {isa = PBXBuildFile; fileRef = 89C9DBF628AB834A00CED28D /* TextBootCamp.swift */; };
		89C9DBF928AB873F00CED28D /* ShapesBootCamp.swift in Sources */ = {isa = PBXBuildFile; fileRef = 89C9DBF828AB873F00CED28D /* ShapesBootCamp.swift */; };
		89C9DBFB28AB8ADA00CED28D /* ColorsBootCamp.swift in Sources */ = {isa = PBXBuildFile; fileRef = 89C9DBFA28AB8ADA00CED28D /* ColorsBootCamp.swift */; };
		89C9DBFD28AB968000CED28D /* GradientBootCamp.swift in Sources */ = {isa = PBXBuildFile; fileRef = 89C9DBFC28AB968000CED28D /* GradientBootCamp.swift */; };
		89C9DBFF28AB9A7900CED28D /* IconsBootCamp.swift in Sources */ = {isa = PBXBuildFile; fileRef = 89C9DBFE28AB9A7900CED28D /* IconsBootCamp.swift */; };
		89C9DC0128AB9E3400CED28D /* ImageBootCamp.swift in Sources */ = {isa = PBXBuildFile; fileRef = 89C9DC0028AB9E3400CED28D /* ImageBootCamp.swift */; };
		89C9DC0328ABA1ED00CED28D /* FrameBootCamp.swift in Sources */ = {isa = PBXBuildFile; fileRef = 89C9DC0228ABA1ED00CED28D /* FrameBootCamp.swift */; };
		89C9DC0528ABA56800CED28D /* BackgroundAndOverlayBootCamp.swift in Sources */ = {isa = PBXBuildFile; fileRef = 89C9DC0428ABA56800CED28D /* BackgroundAndOverlayBootCamp.swift */; };
/* End PBXBuildFile section */

/* Begin PBXFileReference section */
		890F520728ABAF09004056D5 /* StacksBootCamp.swift */ = {isa = PBXFileReference; lastKnownFileType = sourcecode.swift; path = StacksBootCamp.swift; sourceTree = "<group>"; };
		890F520928ABCC66004056D5 /* PaddingAndSpacerBootCamp.swift */ = {isa = PBXFileReference; lastKnownFileType = sourcecode.swift; path = PaddingAndSpacerBootCamp.swift; sourceTree = "<group>"; };
		890F520B28ABD397004056D5 /* SpacerBootCamp.swift */ = {isa = PBXFileReference; lastKnownFileType = sourcecode.swift; path = SpacerBootCamp.swift; sourceTree = "<group>"; };
		892235C428AFF99E00D637A0 /* ColorPickerBootCamp.swift */ = {isa = PBXFileReference; lastKnownFileType = sourcecode.swift; path = ColorPickerBootCamp.swift; sourceTree = "<group>"; };
		892235C628AFFE0F00D637A0 /* DatePickerBootCamp.swift */ = {isa = PBXFileReference; lastKnownFileType = sourcecode.swift; path = DatePickerBootCamp.swift; sourceTree = "<group>"; };
		892235C828B0066100D637A0 /* StepperBootCamp.swift */ = {isa = PBXFileReference; lastKnownFileType = sourcecode.swift; path = StepperBootCamp.swift; sourceTree = "<group>"; };
		892235CA28B01B8F00D637A0 /* sliderBootCamp.swift */ = {isa = PBXFileReference; lastKnownFileType = sourcecode.swift; path = sliderBootCamp.swift; sourceTree = "<group>"; };
		892235CC28B0239A00D637A0 /* TabViewBootCamp.swift */ = {isa = PBXFileReference; lastKnownFileType = sourcecode.swift; path = TabViewBootCamp.swift; sourceTree = "<group>"; };
		892235CE28B0281E00D637A0 /* TabViewStyleBootCamp.swift */ = {isa = PBXFileReference; lastKnownFileType = sourcecode.swift; path = TabViewStyleBootCamp.swift; sourceTree = "<group>"; };
		8951830728AB803C00E57744 /* SwiftUIBootCamp.app */ = {isa = PBXFileReference; explicitFileType = wrapper.application; includeInIndex = 0; path = SwiftUIBootCamp.app; sourceTree = BUILT_PRODUCTS_DIR; };
		8951830A28AB803C00E57744 /* SwiftUIBootCampApp.swift */ = {isa = PBXFileReference; lastKnownFileType = sourcecode.swift; path = SwiftUIBootCampApp.swift; sourceTree = "<group>"; };
		8951830C28AB803C00E57744 /* ContentView.swift */ = {isa = PBXFileReference; lastKnownFileType = sourcecode.swift; path = ContentView.swift; sourceTree = "<group>"; };
		8951830E28AB803F00E57744 /* Assets.xcassets */ = {isa = PBXFileReference; lastKnownFileType = folder.assetcatalog; path = Assets.xcassets; sourceTree = "<group>"; };
		8951831128AB803F00E57744 /* Preview Assets.xcassets */ = {isa = PBXFileReference; lastKnownFileType = folder.assetcatalog; path = "Preview Assets.xcassets"; sourceTree = "<group>"; };
		895AC6B228AD176B00F0F654 /* ButtonsBootCamp.swift */ = {isa = PBXFileReference; lastKnownFileType = sourcecode.swift; path = ButtonsBootCamp.swift; sourceTree = "<group>"; };
		896F8C4D28AD7C660045C3C3 /* StateBootCamp.swift */ = {isa = PBXFileReference; lastKnownFileType = sourcecode.swift; path = StateBootCamp.swift; sourceTree = "<group>"; };
		896F8C4F28AD80680045C3C3 /* ExtractedFunctionsBootCamp.swift */ = {isa = PBXFileReference; lastKnownFileType = sourcecode.swift; path = ExtractedFunctionsBootCamp.swift; sourceTree = "<group>"; };
		896F8C5128AD83E30045C3C3 /* ExtractSubViewsBootCamp.swift */ = {isa = PBXFileReference; lastKnownFileType = sourcecode.swift; path = ExtractSubViewsBootCamp.swift; sourceTree = "<group>"; };
		896F8C5328AD89980045C3C3 /* BindingBootCamp.swift */ = {isa = PBXFileReference; lastKnownFileType = sourcecode.swift; path = BindingBootCamp.swift; sourceTree = "<group>"; };
		896FB1CD28AE3D0F004C691F /* ConditionalBootCamp.swift */ = {isa = PBXFileReference; lastKnownFileType = sourcecode.swift; path = ConditionalBootCamp.swift; sourceTree = "<group>"; };
		896FB1CF28AE457F004C691F /* TernaryBootCamp.swift */ = {isa = PBXFileReference; lastKnownFileType = sourcecode.swift; path = TernaryBootCamp.swift; sourceTree = "<group>"; };
		896FB1D128AE4F6F004C691F /* AnimationBootCamp.swift */ = {isa = PBXFileReference; lastKnownFileType = sourcecode.swift; path = AnimationBootCamp.swift; sourceTree = "<group>"; };
		896FB20728AECBD3004C691F /* AnimationTimingBootCamp.swift */ = {isa = PBXFileReference; lastKnownFileType = sourcecode.swift; path = AnimationTimingBootCamp.swift; sourceTree = "<group>"; };
		896FB20928AECF76004C691F /* TransitionBootCamp.swift */ = {isa = PBXFileReference; lastKnownFileType = sourcecode.swift; path = TransitionBootCamp.swift; sourceTree = "<group>"; };
		896FB20B28AED46B004C691F /* SheetsBootCamp.swift */ = {isa = PBXFileReference; lastKnownFileType = sourcecode.swift; path = SheetsBootCamp.swift; sourceTree = "<group>"; };
		896FB20D28AEDB40004C691F /* PopoverBootCamp.swift */ = {isa = PBXFileReference; lastKnownFileType = sourcecode.swift; path = PopoverBootCamp.swift; sourceTree = "<group>"; };
		896FB20F28AEE16E004C691F /* NavigationViewBootCamp.swift */ = {isa = PBXFileReference; lastKnownFileType = sourcecode.swift; path = NavigationViewBootCamp.swift; sourceTree = "<group>"; };
		89A9D77128AF795900586681 /* ListBootCamp.swift */ = {isa = PBXFileReference; lastKnownFileType = sourcecode.swift; path = ListBootCamp.swift; sourceTree = "<group>"; };
		89A9D77328AF9B3000586681 /* AlertBootCam.swift */ = {isa = PBXFileReference; lastKnownFileType = sourcecode.swift; path = AlertBootCam.swift; sourceTree = "<group>"; };
		89A9D77528AFA8CA00586681 /* ActionSheetBootCamp.swift */ = {isa = PBXFileReference; lastKnownFileType = sourcecode.swift; path = ActionSheetBootCamp.swift; sourceTree = "<group>"; };
		89A9D77728AFCCD200586681 /* ContextMenuBootCamp.swift */ = {isa = PBXFileReference; lastKnownFileType = sourcecode.swift; path = ContextMenuBootCamp.swift; sourceTree = "<group>"; };
		89A9D77928AFD0D100586681 /* TextFieldBootCamp.swift */ = {isa = PBXFileReference; lastKnownFileType = sourcecode.swift; path = TextFieldBootCamp.swift; sourceTree = "<group>"; };
		89A9D77B28AFD8A500586681 /* TextEditorBootCamp.swift */ = {isa = PBXFileReference; lastKnownFileType = sourcecode.swift; path = TextEditorBootCamp.swift; sourceTree = "<group>"; };
		89A9D77D28AFDC1500586681 /* ToggleBootCamp.swift */ = {isa = PBXFileReference; lastKnownFileType = sourcecode.swift; path = ToggleBootCamp.swift; sourceTree = "<group>"; };
		89A9D77F28AFDF4D00586681 /* PickerBootCamp.swift */ = {isa = PBXFileReference; lastKnownFileType = sourcecode.swift; path = PickerBootCamp.swift; sourceTree = "<group>"; };
		89AE791828B1D6E300FF4FAB /* DarkModeBootCamp.swift */ = {isa = PBXFileReference; lastKnownFileType = sourcecode.swift; path = DarkModeBootCamp.swift; sourceTree = "<group>"; };
		89AE791A28B1DD1200FF4FAB /* DocumentationBootCamp.swift */ = {isa = PBXFileReference; lastKnownFileType = sourcecode.swift; path = DocumentationBootCamp.swift; sourceTree = "<group>"; };
		89AE791C28B1E46E00FF4FAB /* OnAppearBootCamp.swift */ = {isa = PBXFileReference; lastKnownFileType = sourcecode.swift; path = OnAppearBootCamp.swift; sourceTree = "<group>"; };
		89B2964828ACEB3300021BEF /* InitializerBootCamp.swift */ = {isa = PBXFileReference; lastKnownFileType = sourcecode.swift; path = InitializerBootCamp.swift; sourceTree = "<group>"; };
		89B2964A28ACF46600021BEF /* ForEachBootCamp.swift */ = {isa = PBXFileReference; lastKnownFileType = sourcecode.swift; path = ForEachBootCamp.swift; sourceTree = "<group>"; };
		89B2964C28ACFBF500021BEF /* ScrollViewBootCamp.swift */ = {isa = PBXFileReference; lastKnownFileType = sourcecode.swift; path = ScrollViewBootCamp.swift; sourceTree = "<group>"; };
		89B2964E28AD035A00021BEF /* GridBootCamp.swift */ = {isa = PBXFileReference; lastKnownFileType = sourcecode.swift; path = GridBootCamp.swift; sourceTree = "<group>"; };
		89B2965028AD0E0500021BEF /* SafeAreaBootCamp.swift */ = {isa = PBXFileReference; lastKnownFileType = sourcecode.swift; path = SafeAreaBootCamp.swift; sourceTree = "<group>"; };
		89C9DBF628AB834A00CED28D /* TextBootCamp.swift */ = {isa = PBXFileReference; lastKnownFileType = sourcecode.swift; path = TextBootCamp.swift; sourceTree = "<group>"; };
		89C9DBF828AB873F00CED28D /* ShapesBootCamp.swift */ = {isa = PBXFileReference; lastKnownFileType = sourcecode.swift; path = ShapesBootCamp.swift; sourceTree = "<group>"; };
		89C9DBFA28AB8ADA00CED28D /* ColorsBootCamp.swift */ = {isa = PBXFileReference; lastKnownFileType = sourcecode.swift; path = ColorsBootCamp.swift; sourceTree = "<group>"; };
		89C9DBFC28AB968000CED28D /* GradientBootCamp.swift */ = {isa = PBXFileReference; lastKnownFileType = sourcecode.swift; path = GradientBootCamp.swift; sourceTree = "<group>"; };
		89C9DBFE28AB9A7900CED28D /* IconsBootCamp.swift */ = {isa = PBXFileReference; lastKnownFileType = sourcecode.swift; path = IconsBootCamp.swift; sourceTree = "<group>"; };
		89C9DC0028AB9E3400CED28D /* ImageBootCamp.swift */ = {isa = PBXFileReference; lastKnownFileType = sourcecode.swift; path = ImageBootCamp.swift; sourceTree = "<group>"; };
		89C9DC0228ABA1ED00CED28D /* FrameBootCamp.swift */ = {isa = PBXFileReference; lastKnownFileType = sourcecode.swift; path = FrameBootCamp.swift; sourceTree = "<group>"; };
		89C9DC0428ABA56800CED28D /* BackgroundAndOverlayBootCamp.swift */ = {isa = PBXFileReference; lastKnownFileType = sourcecode.swift; path = BackgroundAndOverlayBootCamp.swift; sourceTree = "<group>"; };
/* End PBXFileReference section */

/* Begin PBXFrameworksBuildPhase section */
		8951830428AB803C00E57744 /* Frameworks */ = {
			isa = PBXFrameworksBuildPhase;
			buildActionMask = 2147483647;
			files = (
			);
			runOnlyForDeploymentPostprocessing = 0;
		};
/* End PBXFrameworksBuildPhase section */

/* Begin PBXGroup section */
		895182FE28AB803C00E57744 = {
			isa = PBXGroup;
			children = (
				8951830928AB803C00E57744 /* SwiftUIBootCamp */,
				8951830828AB803C00E57744 /* Products */,
			);
			sourceTree = "<group>";
		};
		8951830828AB803C00E57744 /* Products */ = {
			isa = PBXGroup;
			children = (
				8951830728AB803C00E57744 /* SwiftUIBootCamp.app */,
			);
			name = Products;
			sourceTree = "<group>";
		};
		8951830928AB803C00E57744 /* SwiftUIBootCamp */ = {
			isa = PBXGroup;
			children = (
				8951830A28AB803C00E57744 /* SwiftUIBootCampApp.swift */,
				8951830C28AB803C00E57744 /* ContentView.swift */,
				8951830E28AB803F00E57744 /* Assets.xcassets */,
				8951831028AB803F00E57744 /* Preview Content */,
				89C9DBF628AB834A00CED28D /* TextBootCamp.swift */,
				89C9DBFE28AB9A7900CED28D /* IconsBootCamp.swift */,
				89C9DC0228ABA1ED00CED28D /* FrameBootCamp.swift */,
				89C9DC0428ABA56800CED28D /* BackgroundAndOverlayBootCamp.swift */,
				89C9DBF828AB873F00CED28D /* ShapesBootCamp.swift */,
				89AE791A28B1DD1200FF4FAB /* DocumentationBootCamp.swift */,
				89C9DBFA28AB8ADA00CED28D /* ColorsBootCamp.swift */,
				89C9DBFC28AB968000CED28D /* GradientBootCamp.swift */,
				892235CA28B01B8F00D637A0 /* sliderBootCamp.swift */,
				89C9DC0028AB9E3400CED28D /* ImageBootCamp.swift */,
				890F520928ABCC66004056D5 /* PaddingAndSpacerBootCamp.swift */,
				89A9D77F28AFDF4D00586681 /* PickerBootCamp.swift */,
				89A9D77728AFCCD200586681 /* ContextMenuBootCamp.swift */,
				892235C828B0066100D637A0 /* StepperBootCamp.swift */,
				89B2964828ACEB3300021BEF /* InitializerBootCamp.swift */,
				89AE791C28B1E46E00FF4FAB /* OnAppearBootCamp.swift */,
				89B2964A28ACF46600021BEF /* ForEachBootCamp.swift */,
				892235C428AFF99E00D637A0 /* ColorPickerBootCamp.swift */,
				892235CE28B0281E00D637A0 /* TabViewStyleBootCamp.swift */,
				892235CC28B0239A00D637A0 /* TabViewBootCamp.swift */,
				89A9D77128AF795900586681 /* ListBootCamp.swift */,
				89A9D77D28AFDC1500586681 /* ToggleBootCamp.swift */,
				892235C628AFFE0F00D637A0 /* DatePickerBootCamp.swift */,
				890F520B28ABD397004056D5 /* SpacerBootCamp.swift */,
				89A9D77928AFD0D100586681 /* TextFieldBootCamp.swift */,
				896FB20D28AEDB40004C691F /* PopoverBootCamp.swift */,
				896FB20F28AEE16E004C691F /* NavigationViewBootCamp.swift */,
				89AE791828B1D6E300FF4FAB /* DarkModeBootCamp.swift */,
				89B2964C28ACFBF500021BEF /* ScrollViewBootCamp.swift */,
				89A9D77528AFA8CA00586681 /* ActionSheetBootCamp.swift */,
				89B2964E28AD035A00021BEF /* GridBootCamp.swift */,
				89A9D77B28AFD8A500586681 /* TextEditorBootCamp.swift */,
				89A9D77328AF9B3000586681 /* AlertBootCam.swift */,
				89B2965028AD0E0500021BEF /* SafeAreaBootCamp.swift */,
				896FB1CF28AE457F004C691F /* TernaryBootCamp.swift */,
				896F8C4D28AD7C660045C3C3 /* StateBootCamp.swift */,
				896FB20928AECF76004C691F /* TransitionBootCamp.swift */,
				896FB20B28AED46B004C691F /* SheetsBootCamp.swift */,
				896FB1CD28AE3D0F004C691F /* ConditionalBootCamp.swift */,
				896F8C4F28AD80680045C3C3 /* ExtractedFunctionsBootCamp.swift */,
				896FB1D128AE4F6F004C691F /* AnimationBootCamp.swift */,
				896F8C5328AD89980045C3C3 /* BindingBootCamp.swift */,
				896FB20728AECBD3004C691F /* AnimationTimingBootCamp.swift */,
				896F8C5128AD83E30045C3C3 /* ExtractSubViewsBootCamp.swift */,
				895AC6B228AD176B00F0F654 /* ButtonsBootCamp.swift */,
				890F520728ABAF09004056D5 /* StacksBootCamp.swift */,
			);
			path = SwiftUIBootCamp;
			sourceTree = "<group>";
		};
		8951831028AB803F00E57744 /* Preview Content */ = {
			isa = PBXGroup;
			children = (
				8951831128AB803F00E57744 /* Preview Assets.xcassets */,
			);
			path = "Preview Content";
			sourceTree = "<group>";
		};
/* End PBXGroup section */

/* Begin PBXNativeTarget section */
		8951830628AB803C00E57744 /* SwiftUIBootCamp */ = {
			isa = PBXNativeTarget;
			buildConfigurationList = 8951831528AB803F00E57744 /* Build configuration list for PBXNativeTarget "SwiftUIBootCamp" */;
			buildPhases = (
				8951830328AB803C00E57744 /* Sources */,
				8951830428AB803C00E57744 /* Frameworks */,
				8951830528AB803C00E57744 /* Resources */,
			);
			buildRules = (
			);
			dependencies = (
			);
			name = SwiftUIBootCamp;
			productName = SwiftUIBootCamp;
			productReference = 8951830728AB803C00E57744 /* SwiftUIBootCamp.app */;
			productType = "com.apple.product-type.application";
		};
/* End PBXNativeTarget section */

/* Begin PBXProject section */
		895182FF28AB803C00E57744 /* Project object */ = {
			isa = PBXProject;
			attributes = {
				BuildIndependentTargetsInParallel = 1;
				LastSwiftUpdateCheck = 1320;
				LastUpgradeCheck = 1320;
				TargetAttributes = {
					8951830628AB803C00E57744 = {
						CreatedOnToolsVersion = 13.2.1;
					};
				};
			};
			buildConfigurationList = 8951830228AB803C00E57744 /* Build configuration list for PBXProject "SwiftUIBootCamp" */;
			compatibilityVersion = "Xcode 13.0";
			developmentRegion = en;
			hasScannedForEncodings = 0;
			knownRegions = (
				en,
				Base,
			);
			mainGroup = 895182FE28AB803C00E57744;
			productRefGroup = 8951830828AB803C00E57744 /* Products */;
			projectDirPath = "";
			projectRoot = "";
			targets = (
				8951830628AB803C00E57744 /* SwiftUIBootCamp */,
			);
		};
/* End PBXProject section */

/* Begin PBXResourcesBuildPhase section */
		8951830528AB803C00E57744 /* Resources */ = {
			isa = PBXResourcesBuildPhase;
			buildActionMask = 2147483647;
			files = (
				8951831228AB803F00E57744 /* Preview Assets.xcassets in Resources */,
				8951830F28AB803F00E57744 /* Assets.xcassets in Resources */,
			);
			runOnlyForDeploymentPostprocessing = 0;
		};
/* End PBXResourcesBuildPhase section */

/* Begin PBXSourcesBuildPhase section */
		8951830328AB803C00E57744 /* Sources */ = {
			isa = PBXSourcesBuildPhase;
			buildActionMask = 2147483647;
			files = (
				89A9D77A28AFD0D100586681 /* TextFieldBootCamp.swift in Sources */,
				896FB20E28AEDB40004C691F /* PopoverBootCamp.swift in Sources */,
				892235C928B0066100D637A0 /* StepperBootCamp.swift in Sources */,
				89C9DBFF28AB9A7900CED28D /* IconsBootCamp.swift in Sources */,
				89B2964B28ACF46600021BEF /* ForEachBootCamp.swift in Sources */,
				896F8C5028AD80680045C3C3 /* ExtractedFunctionsBootCamp.swift in Sources */,
				89A9D77828AFCCD200586681 /* ContextMenuBootCamp.swift in Sources */,
				89B2964D28ACFBF500021BEF /* ScrollViewBootCamp.swift in Sources */,
				89C9DBFB28AB8ADA00CED28D /* ColorsBootCamp.swift in Sources */,
				89A9D77E28AFDC1500586681 /* ToggleBootCamp.swift in Sources */,
				890F520A28ABCC66004056D5 /* PaddingAndSpacerBootCamp.swift in Sources */,
				892235CD28B0239A00D637A0 /* TabViewBootCamp.swift in Sources */,
				89C9DBF928AB873F00CED28D /* ShapesBootCamp.swift in Sources */,
				896F8C5428AD89980045C3C3 /* BindingBootCamp.swift in Sources */,
				89C9DC0528ABA56800CED28D /* BackgroundAndOverlayBootCamp.swift in Sources */,
				89AE791928B1D6E300FF4FAB /* DarkModeBootCamp.swift in Sources */,
				896F8C5228AD83E30045C3C3 /* ExtractSubViewsBootCamp.swift in Sources */,
				8951830D28AB803C00E57744 /* ContentView.swift in Sources */,
				89A9D78028AFDF4D00586681 /* PickerBootCamp.swift in Sources */,
				89B2965128AD0E0500021BEF /* SafeAreaBootCamp.swift in Sources */,
				890F520C28ABD397004056D5 /* SpacerBootCamp.swift in Sources */,
				89A9D77428AF9B3000586681 /* AlertBootCam.swift in Sources */,
				896FB1D028AE457F004C691F /* TernaryBootCamp.swift in Sources */,
				896FB20C28AED46B004C691F /* SheetsBootCamp.swift in Sources */,
				896FB1CE28AE3D0F004C691F /* ConditionalBootCamp.swift in Sources */,
				892235C528AFF99E00D637A0 /* ColorPickerBootCamp.swift in Sources */,
				89A9D77C28AFD8A500586681 /* TextEditorBootCamp.swift in Sources */,
				892235CB28B01B8F00D637A0 /* sliderBootCamp.swift in Sources */,
				892235C728AFFE0F00D637A0 /* DatePickerBootCamp.swift in Sources */,
				89A9D77628AFA8CA00586681 /* ActionSheetBootCamp.swift in Sources */,
				896FB20828AECBD3004C691F /* AnimationTimingBootCamp.swift in Sources */,
				89B2964F28AD035A00021BEF /* GridBootCamp.swift in Sources */,
				8951830B28AB803C00E57744 /* SwiftUIBootCampApp.swift in Sources */,
				89AE791B28B1DD1200FF4FAB /* DocumentationBootCamp.swift in Sources */,
				896F8C4E28AD7C660045C3C3 /* StateBootCamp.swift in Sources */,
				892235CF28B0281E00D637A0 /* TabViewStyleBootCamp.swift in Sources */,
				896FB20A28AECF76004C691F /* TransitionBootCamp.swift in Sources */,
				89C9DBFD28AB968000CED28D /* GradientBootCamp.swift in Sources */,
				89B2964928ACEB3300021BEF /* InitializerBootCamp.swift in Sources */,
				89C9DC0128AB9E3400CED28D /* ImageBootCamp.swift in Sources */,
				890F520828ABAF09004056D5 /* StacksBootCamp.swift in Sources */,
				896FB21028AEE16F004C691F /* NavigationViewBootCamp.swift in Sources */,
				89C9DBF728AB834A00CED28D /* TextBootCamp.swift in Sources */,
				89C9DC0328ABA1ED00CED28D /* FrameBootCamp.swift in Sources */,
				89AE791D28B1E46E00FF4FAB /* OnAppearBootCamp.swift in Sources */,
				895AC6B328AD176B00F0F654 /* ButtonsBootCamp.swift in Sources */,
				89A9D77228AF795900586681 /* ListBootCamp.swift in Sources */,
				896FB1D228AE4F6F004C691F /* AnimationBootCamp.swift in Sources */,
			);
			runOnlyForDeploymentPostprocessing = 0;
		};
/* End PBXSourcesBuildPhase section */

/* Begin XCBuildConfiguration section */
		8951831328AB803F00E57744 /* Debug */ = {
			isa = XCBuildConfiguration;
			buildSettings = {
				ALWAYS_SEARCH_USER_PATHS = NO;
				CLANG_ANALYZER_NONNULL = YES;
				CLANG_ANALYZER_NUMBER_OBJECT_CONVERSION = YES_AGGRESSIVE;
				CLANG_CXX_LANGUAGE_STANDARD = "gnu++17";
				CLANG_CXX_LIBRARY = "libc++";
				CLANG_ENABLE_MODULES = YES;
				CLANG_ENABLE_OBJC_ARC = YES;
				CLANG_ENABLE_OBJC_WEAK = YES;
				CLANG_WARN_BLOCK_CAPTURE_AUTORELEASING = YES;
				CLANG_WARN_BOOL_CONVERSION = YES;
				CLANG_WARN_COMMA = YES;
				CLANG_WARN_CONSTANT_CONVERSION = YES;
				CLANG_WARN_DEPRECATED_OBJC_IMPLEMENTATIONS = YES;
				CLANG_WARN_DIRECT_OBJC_ISA_USAGE = YES_ERROR;
				CLANG_WARN_DOCUMENTATION_COMMENTS = YES;
				CLANG_WARN_EMPTY_BODY = YES;
				CLANG_WARN_ENUM_CONVERSION = YES;
				CLANG_WARN_INFINITE_RECURSION = YES;
				CLANG_WARN_INT_CONVERSION = YES;
				CLANG_WARN_NON_LITERAL_NULL_CONVERSION = YES;
				CLANG_WARN_OBJC_IMPLICIT_RETAIN_SELF = YES;
				CLANG_WARN_OBJC_LITERAL_CONVERSION = YES;
				CLANG_WARN_OBJC_ROOT_CLASS = YES_ERROR;
				CLANG_WARN_QUOTED_INCLUDE_IN_FRAMEWORK_HEADER = YES;
				CLANG_WARN_RANGE_LOOP_ANALYSIS = YES;
				CLANG_WARN_STRICT_PROTOTYPES = YES;
				CLANG_WARN_SUSPICIOUS_MOVE = YES;
				CLANG_WARN_UNGUARDED_AVAILABILITY = YES_AGGRESSIVE;
				CLANG_WARN_UNREACHABLE_CODE = YES;
				CLANG_WARN__DUPLICATE_METHOD_MATCH = YES;
				COPY_PHASE_STRIP = NO;
				DEBUG_INFORMATION_FORMAT = dwarf;
				ENABLE_STRICT_OBJC_MSGSEND = YES;
				ENABLE_TESTABILITY = YES;
				GCC_C_LANGUAGE_STANDARD = gnu11;
				GCC_DYNAMIC_NO_PIC = NO;
				GCC_NO_COMMON_BLOCKS = YES;
				GCC_OPTIMIZATION_LEVEL = 0;
				GCC_PREPROCESSOR_DEFINITIONS = (
					"DEBUG=1",
					"$(inherited)",
				);
				GCC_WARN_64_TO_32_BIT_CONVERSION = YES;
				GCC_WARN_ABOUT_RETURN_TYPE = YES_ERROR;
				GCC_WARN_UNDECLARED_SELECTOR = YES;
				GCC_WARN_UNINITIALIZED_AUTOS = YES_AGGRESSIVE;
				GCC_WARN_UNUSED_FUNCTION = YES;
				GCC_WARN_UNUSED_VARIABLE = YES;
				IPHONEOS_DEPLOYMENT_TARGET = 15.2;
				MTL_ENABLE_DEBUG_INFO = INCLUDE_SOURCE;
				MTL_FAST_MATH = YES;
				ONLY_ACTIVE_ARCH = YES;
				SDKROOT = iphoneos;
				SWIFT_ACTIVE_COMPILATION_CONDITIONS = DEBUG;
				SWIFT_OPTIMIZATION_LEVEL = "-Onone";
			};
			name = Debug;
		};
		8951831428AB803F00E57744 /* Release */ = {
			isa = XCBuildConfiguration;
			buildSettings = {
				ALWAYS_SEARCH_USER_PATHS = NO;
				CLANG_ANALYZER_NONNULL = YES;
				CLANG_ANALYZER_NUMBER_OBJECT_CONVERSION = YES_AGGRESSIVE;
				CLANG_CXX_LANGUAGE_STANDARD = "gnu++17";
				CLANG_CXX_LIBRARY = "libc++";
				CLANG_ENABLE_MODULES = YES;
				CLANG_ENABLE_OBJC_ARC = YES;
				CLANG_ENABLE_OBJC_WEAK = YES;
				CLANG_WARN_BLOCK_CAPTURE_AUTORELEASING = YES;
				CLANG_WARN_BOOL_CONVERSION = YES;
				CLANG_WARN_COMMA = YES;
				CLANG_WARN_CONSTANT_CONVERSION = YES;
				CLANG_WARN_DEPRECATED_OBJC_IMPLEMENTATIONS = YES;
				CLANG_WARN_DIRECT_OBJC_ISA_USAGE = YES_ERROR;
				CLANG_WARN_DOCUMENTATION_COMMENTS = YES;
				CLANG_WARN_EMPTY_BODY = YES;
				CLANG_WARN_ENUM_CONVERSION = YES;
				CLANG_WARN_INFINITE_RECURSION = YES;
				CLANG_WARN_INT_CONVERSION = YES;
				CLANG_WARN_NON_LITERAL_NULL_CONVERSION = YES;
				CLANG_WARN_OBJC_IMPLICIT_RETAIN_SELF = YES;
				CLANG_WARN_OBJC_LITERAL_CONVERSION = YES;
				CLANG_WARN_OBJC_ROOT_CLASS = YES_ERROR;
				CLANG_WARN_QUOTED_INCLUDE_IN_FRAMEWORK_HEADER = YES;
				CLANG_WARN_RANGE_LOOP_ANALYSIS = YES;
				CLANG_WARN_STRICT_PROTOTYPES = YES;
				CLANG_WARN_SUSPICIOUS_MOVE = YES;
				CLANG_WARN_UNGUARDED_AVAILABILITY = YES_AGGRESSIVE;
				CLANG_WARN_UNREACHABLE_CODE = YES;
				CLANG_WARN__DUPLICATE_METHOD_MATCH = YES;
				COPY_PHASE_STRIP = NO;
				DEBUG_INFORMATION_FORMAT = "dwarf-with-dsym";
				ENABLE_NS_ASSERTIONS = NO;
				ENABLE_STRICT_OBJC_MSGSEND = YES;
				GCC_C_LANGUAGE_STANDARD = gnu11;
				GCC_NO_COMMON_BLOCKS = YES;
				GCC_WARN_64_TO_32_BIT_CONVERSION = YES;
				GCC_WARN_ABOUT_RETURN_TYPE = YES_ERROR;
				GCC_WARN_UNDECLARED_SELECTOR = YES;
				GCC_WARN_UNINITIALIZED_AUTOS = YES_AGGRESSIVE;
				GCC_WARN_UNUSED_FUNCTION = YES;
				GCC_WARN_UNUSED_VARIABLE = YES;
				IPHONEOS_DEPLOYMENT_TARGET = 15.2;
				MTL_ENABLE_DEBUG_INFO = NO;
				MTL_FAST_MATH = YES;
				SDKROOT = iphoneos;
				SWIFT_COMPILATION_MODE = wholemodule;
				SWIFT_OPTIMIZATION_LEVEL = "-O";
				VALIDATE_PRODUCT = YES;
			};
			name = Release;
		};
		8951831628AB803F00E57744 /* Debug */ = {
			isa = XCBuildConfiguration;
			buildSettings = {
				ASSETCATALOG_COMPILER_APPICON_NAME = AppIcon;
				ASSETCATALOG_COMPILER_GLOBAL_ACCENT_COLOR_NAME = AccentColor;
				CODE_SIGN_STYLE = Automatic;
				CURRENT_PROJECT_VERSION = 1;
				DEVELOPMENT_ASSET_PATHS = "\"SwiftUIBootCamp/Preview Content\"";
				ENABLE_PREVIEWS = YES;
				GENERATE_INFOPLIST_FILE = YES;
				INFOPLIST_KEY_UIApplicationSceneManifest_Generation = YES;
				INFOPLIST_KEY_UIApplicationSupportsIndirectInputEvents = YES;
				INFOPLIST_KEY_UILaunchScreen_Generation = YES;
				INFOPLIST_KEY_UISupportedInterfaceOrientations_iPad = "UIInterfaceOrientationPortrait UIInterfaceOrientationPortraitUpsideDown UIInterfaceOrientationLandscapeLeft UIInterfaceOrientationLandscapeRight";
				INFOPLIST_KEY_UISupportedInterfaceOrientations_iPhone = "UIInterfaceOrientationPortrait UIInterfaceOrientationLandscapeLeft UIInterfaceOrientationLandscapeRight";
				LD_RUNPATH_SEARCH_PATHS = (
					"$(inherited)",
					"@executable_path/Frameworks",
				);
				MARKETING_VERSION = 1.0;
				PRODUCT_BUNDLE_IDENTIFIER = mbayi.SwiftUIBootCamp;
				PRODUCT_NAME = "$(TARGET_NAME)";
				SWIFT_EMIT_LOC_STRINGS = YES;
				SWIFT_VERSION = 5.0;
				TARGETED_DEVICE_FAMILY = "1,2";
			};
			name = Debug;
		};
		8951831728AB803F00E57744 /* Release */ = {
			isa = XCBuildConfiguration;
			buildSettings = {
				ASSETCATALOG_COMPILER_APPICON_NAME = AppIcon;
				ASSETCATALOG_COMPILER_GLOBAL_ACCENT_COLOR_NAME = AccentColor;
				CODE_SIGN_STYLE = Automatic;
				CURRENT_PROJECT_VERSION = 1;
				DEVELOPMENT_ASSET_PATHS = "\"SwiftUIBootCamp/Preview Content\"";
				ENABLE_PREVIEWS = YES;
				GENERATE_INFOPLIST_FILE = YES;
				INFOPLIST_KEY_UIApplicationSceneManifest_Generation = YES;
				INFOPLIST_KEY_UIApplicationSupportsIndirectInputEvents = YES;
				INFOPLIST_KEY_UILaunchScreen_Generation = YES;
				INFOPLIST_KEY_UISupportedInterfaceOrientations_iPad = "UIInterfaceOrientationPortrait UIInterfaceOrientationPortraitUpsideDown UIInterfaceOrientationLandscapeLeft UIInterfaceOrientationLandscapeRight";
				INFOPLIST_KEY_UISupportedInterfaceOrientations_iPhone = "UIInterfaceOrientationPortrait UIInterfaceOrientationLandscapeLeft UIInterfaceOrientationLandscapeRight";
				LD_RUNPATH_SEARCH_PATHS = (
					"$(inherited)",
					"@executable_path/Frameworks",
				);
				MARKETING_VERSION = 1.0;
				PRODUCT_BUNDLE_IDENTIFIER = mbayi.SwiftUIBootCamp;
				PRODUCT_NAME = "$(TARGET_NAME)";
				SWIFT_EMIT_LOC_STRINGS = YES;
				SWIFT_VERSION = 5.0;
				TARGETED_DEVICE_FAMILY = "1,2";
			};
			name = Release;
		};
/* End XCBuildConfiguration section */

/* Begin XCConfigurationList section */
		8951830228AB803C00E57744 /* Build configuration list for PBXProject "SwiftUIBootCamp" */ = {
			isa = XCConfigurationList;
			buildConfigurations = (
				8951831328AB803F00E57744 /* Debug */,
				8951831428AB803F00E57744 /* Release */,
			);
			defaultConfigurationIsVisible = 0;
			defaultConfigurationName = Release;
		};
		8951831528AB803F00E57744 /* Build configuration list for PBXNativeTarget "SwiftUIBootCamp" */ = {
			isa = XCConfigurationList;
			buildConfigurations = (
				8951831628AB803F00E57744 /* Debug */,
				8951831728AB803F00E57744 /* Release */,
			);
			defaultConfigurationIsVisible = 0;
			defaultConfigurationName = Release;
		};
/* End XCConfigurationList section */
	};
	rootObject = 895182FF28AB803C00E57744 /* Project object */;
}
